
Microsoft Visual Studio Solution File, Format Version 12.00
# Visual Studio Version 17
VisualStudioVersion = 17.7.34031.279
MinimumVisualStudioVersion = 10.0.40219.1
Project("{FAE04EC0-301F-11D3-BF4B-00C04F79EFBC}") = "ejercicio2DeArraysNumeros", "ejercicio2DeArraysNumeros.csproj", "{8A5EF1B6-13ED-4BC7-AC61-7A24FD6C3CD9}"
EndProject
Global
	GlobalSection(SolutionConfigurationPlatforms) = preSolution
		Debug|Any CPU = Debug|Any CPU
		Release|Any CPU = Release|Any CPU
	EndGlobalSection
	GlobalSection(ProjectConfigurationPlatforms) = postSolution
		{8A5EF1B6-13ED-4BC7-AC61-7A24FD6C3CD9}.Debug|Any CPU.ActiveCfg = Debug|Any CPU
		{8A5EF1B6-13ED-4BC7-AC61-7A24FD6C3CD9}.Debug|Any CPU.Build.0 = Debug|Any CPU
		{8A5EF1B6-13ED-4BC7-AC61-7A24FD6C3CD9}.Release|Any CPU.ActiveCfg = Release|Any CPU
		{8A5EF1B6-13ED-4BC7-AC61-7A24FD6C3CD9}.Release|Any CPU.Build.0 = Release|Any CPU
	EndGlobalSection
	GlobalSection(SolutionProperties) = preSolution
		HideSolutionNode = FALSE
	EndGlobalSection
	GlobalSection(ExtensibilityGlobals) = postSolution
		SolutionGuid = {E98D265C-FE47-41AE-935B-3EE83F144C88}
	EndGlobalSection
EndGlobal
